Microsoft Visual Studio Solution File, Format Version 12.00
# Visual Studio Version 17
VisualStudioVersion = 17.5.2.0
MinimumVisualStudioVersion = 10.0.40219.1
Project("{FAE04EC0-301F-11D3-BF4B-00C04F79EFBC}") = "Progetto_Metodi", "Progetto_Metodi.csproj", "{503815CC-5F5B-2A4C-C66A-3BB77EA03C2E}"
EndProject
Global
	GlobalSection(SolutionConfigurationPlatforms) = preSolution
		Debug|Any CPU = Debug|Any CPU
		Release|Any CPU = Release|Any CPU
	EndGlobalSection
	GlobalSection(ProjectConfigurationPlatforms) = postSolution
		{503815CC-5F5B-2A4C-C66A-3BB77EA03C2E}.Debug|Any CPU.ActiveCfg = Debug|Any CPU
		{503815CC-5F5B-2A4C-C66A-3BB77EA03C2E}.Debug|Any CPU.Build.0 = Debug|Any CPU
		{503815CC-5F5B-2A4C-C66A-3BB77EA03C2E}.Release|Any CPU.ActiveCfg = Release|Any CPU
		{503815CC-5F5B-2A4C-C66A-3BB77EA03C2E}.Release|Any CPU.Build.0 = Release|Any CPU
	EndGlobalSection
	GlobalSection(SolutionProperties) = preSolution
		HideSolutionNode = FALSE
	EndGlobalSection
	GlobalSection(ExtensibilityGlobals) = postSolution
		SolutionGuid = {E6761E63-0E17-4205-B4CC-7EA17BF8E4D3}
	EndGlobalSection
EndGlobal
