Microsoft Visual Studio Solution File, Format Version 12.00
# Visual Studio Version 17
VisualStudioVersion = 17.5.2.0
MinimumVisualStudioVersion = 10.0.40219.1
Project("{FAE04EC0-301F-11D3-BF4B-00C04F79EFBC}") = "Progetto_Polimorfismo", "Progetto_Polimorfismo.csproj", "{DD90E3DC-7495-83CB-BEDD-20A9C1E2C937}"
EndProject
Global
	GlobalSection(SolutionConfigurationPlatforms) = preSolution
		Debug|Any CPU = Debug|Any CPU
		Release|Any CPU = Release|Any CPU
	EndGlobalSection
	GlobalSection(ProjectConfigurationPlatforms) = postSolution
		{DD90E3DC-7495-83CB-BEDD-20A9C1E2C937}.Debug|Any CPU.ActiveCfg = Debug|Any CPU
		{DD90E3DC-7495-83CB-BEDD-20A9C1E2C937}.Debug|Any CPU.Build.0 = Debug|Any CPU
		{DD90E3DC-7495-83CB-BEDD-20A9C1E2C937}.Release|Any CPU.ActiveCfg = Release|Any CPU
		{DD90E3DC-7495-83CB-BEDD-20A9C1E2C937}.Release|Any CPU.Build.0 = Release|Any CPU
	EndGlobalSection
	GlobalSection(SolutionProperties) = preSolution
		HideSolutionNode = FALSE
	EndGlobalSection
	GlobalSection(ExtensibilityGlobals) = postSolution
		SolutionGuid = {CB840991-9635-4D81-A22F-FB760EE98644}
	EndGlobalSection
EndGlobal
