Microsoft Visual Studio Solution File, Format Version 12.00
# Visual Studio Version 17
VisualStudioVersion = 17.5.2.0
MinimumVisualStudioVersion = 10.0.40219.1
Project("{FAE04EC0-301F-11D3-BF4B-00C04F79EFBC}") = "Esercizio_Tutti", "Esercizio_Tutti.csproj", "{8E36D294-CEFA-CF4D-F46F-272AFBFA3393}"
EndProject
Global
	GlobalSection(SolutionConfigurationPlatforms) = preSolution
		Debug|Any CPU = Debug|Any CPU
		Release|Any CPU = Release|Any CPU
	EndGlobalSection
	GlobalSection(ProjectConfigurationPlatforms) = postSolution
		{8E36D294-CEFA-CF4D-F46F-272AFBFA3393}.Debug|Any CPU.ActiveCfg = Debug|Any CPU
		{8E36D294-CEFA-CF4D-F46F-272AFBFA3393}.Debug|Any CPU.Build.0 = Debug|Any CPU
		{8E36D294-CEFA-CF4D-F46F-272AFBFA3393}.Release|Any CPU.ActiveCfg = Release|Any CPU
		{8E36D294-CEFA-CF4D-F46F-272AFBFA3393}.Release|Any CPU.Build.0 = Release|Any CPU
	EndGlobalSection
	GlobalSection(SolutionProperties) = preSolution
		HideSolutionNode = FALSE
	EndGlobalSection
	GlobalSection(ExtensibilityGlobals) = postSolution
		SolutionGuid = {F06075DA-4D86-4E6D-89ED-D456CE8099FF}
	EndGlobalSection
EndGlobal
