Microsoft Visual Studio Solution File, Format Version 12.00
# Visual Studio Version 17
VisualStudioVersion = 17.5.2.0
MinimumVisualStudioVersion = 10.0.40219.1
Project("{FAE04EC0-301F-11D3-BF4B-00C04F79EFBC}") = "Decorator_Esercizio", "Decorator_Esercizio.csproj", "{9DAE1065-77F4-5C31-E5DA-6979E6153F4E}"
EndProject
Global
	GlobalSection(SolutionConfigurationPlatforms) = preSolution
		Debug|Any CPU = Debug|Any CPU
		Release|Any CPU = Release|Any CPU
	EndGlobalSection
	GlobalSection(ProjectConfigurationPlatforms) = postSolution
		{9DAE1065-77F4-5C31-E5DA-6979E6153F4E}.Debug|Any CPU.ActiveCfg = Debug|Any CPU
		{9DAE1065-77F4-5C31-E5DA-6979E6153F4E}.Debug|Any CPU.Build.0 = Debug|Any CPU
		{9DAE1065-77F4-5C31-E5DA-6979E6153F4E}.Release|Any CPU.ActiveCfg = Release|Any CPU
		{9DAE1065-77F4-5C31-E5DA-6979E6153F4E}.Release|Any CPU.Build.0 = Release|Any CPU
	EndGlobalSection
	GlobalSection(SolutionProperties) = preSolution
		HideSolutionNode = FALSE
	EndGlobalSection
	GlobalSection(ExtensibilityGlobals) = postSolution
		SolutionGuid = {79D3465D-F3FB-477A-AD8F-F4058C8FAD17}
	EndGlobalSection
EndGlobal
