Microsoft Visual Studio Solution File, Format Version 12.00
# Visual Studio Version 17
VisualStudioVersion = 17.5.2.0
MinimumVisualStudioVersion = 10.0.40219.1
Project("{FAE04EC0-301F-11D3-BF4B-00C04F79EFBC}") = "Strategy_Esercizio", "Strategy_Esercizio.csproj", "{B0BD09E8-4B83-06F0-1624-8CA888514CBB}"
EndProject
Global
	GlobalSection(SolutionConfigurationPlatforms) = preSolution
		Debug|Any CPU = Debug|Any CPU
		Release|Any CPU = Release|Any CPU
	EndGlobalSection
	GlobalSection(ProjectConfigurationPlatforms) = postSolution
		{B0BD09E8-4B83-06F0-1624-8CA888514CBB}.Debug|Any CPU.ActiveCfg = Debug|Any CPU
		{B0BD09E8-4B83-06F0-1624-8CA888514CBB}.Debug|Any CPU.Build.0 = Debug|Any CPU
		{B0BD09E8-4B83-06F0-1624-8CA888514CBB}.Release|Any CPU.ActiveCfg = Release|Any CPU
		{B0BD09E8-4B83-06F0-1624-8CA888514CBB}.Release|Any CPU.Build.0 = Release|Any CPU
	EndGlobalSection
	GlobalSection(SolutionProperties) = preSolution
		HideSolutionNode = FALSE
	EndGlobalSection
	GlobalSection(ExtensibilityGlobals) = postSolution
		SolutionGuid = {9B2F392C-D93A-47FC-895E-8F9DCBA9D10E}
	EndGlobalSection
EndGlobal
