Microsoft Visual Studio Solution File, Format Version 12.00
# Visual Studio Version 17
VisualStudioVersion = 17.5.2.0
MinimumVisualStudioVersion = 10.0.40219.1
Project("{FAE04EC0-301F-11D3-BF4B-00C04F79EFBC}") = "Progetto_EserciziEreditarieta2", "Progetto_EserciziEreditarieta2.csproj", "{6DAC4107-8538-027A-AE6C-16AED6CAD551}"
EndProject
Global
	GlobalSection(SolutionConfigurationPlatforms) = preSolution
		Debug|Any CPU = Debug|Any CPU
		Release|Any CPU = Release|Any CPU
	EndGlobalSection
	GlobalSection(ProjectConfigurationPlatforms) = postSolution
		{6DAC4107-8538-027A-AE6C-16AED6CAD551}.Debug|Any CPU.ActiveCfg = Debug|Any CPU
		{6DAC4107-8538-027A-AE6C-16AED6CAD551}.Debug|Any CPU.Build.0 = Debug|Any CPU
		{6DAC4107-8538-027A-AE6C-16AED6CAD551}.Release|Any CPU.ActiveCfg = Release|Any CPU
		{6DAC4107-8538-027A-AE6C-16AED6CAD551}.Release|Any CPU.Build.0 = Release|Any CPU
	EndGlobalSection
	GlobalSection(SolutionProperties) = preSolution
		HideSolutionNode = FALSE
	EndGlobalSection
	GlobalSection(ExtensibilityGlobals) = postSolution
		SolutionGuid = {A46FFD6C-294B-432C-9A6F-A871F5017FC1}
	EndGlobalSection
EndGlobal
