Microsoft Visual Studio Solution File, Format Version 12.00
# Visual Studio Version 17
VisualStudioVersion = 17.5.2.0
MinimumVisualStudioVersion = 10.0.40219.1
Project("{FAE04EC0-301F-11D3-BF4B-00C04F79EFBC}") = "Progetto_Film", "Progetto_Film.csproj", "{8BAD41E7-BD43-BAE6-5AA5-690169087803}"
EndProject
Global
	GlobalSection(SolutionConfigurationPlatforms) = preSolution
		Debug|Any CPU = Debug|Any CPU
		Release|Any CPU = Release|Any CPU
	EndGlobalSection
	GlobalSection(ProjectConfigurationPlatforms) = postSolution
		{8BAD41E7-BD43-BAE6-5AA5-690169087803}.Debug|Any CPU.ActiveCfg = Debug|Any CPU
		{8BAD41E7-BD43-BAE6-5AA5-690169087803}.Debug|Any CPU.Build.0 = Debug|Any CPU
		{8BAD41E7-BD43-BAE6-5AA5-690169087803}.Release|Any CPU.ActiveCfg = Release|Any CPU
		{8BAD41E7-BD43-BAE6-5AA5-690169087803}.Release|Any CPU.Build.0 = Release|Any CPU
	EndGlobalSection
	GlobalSection(SolutionProperties) = preSolution
		HideSolutionNode = FALSE
	EndGlobalSection
	GlobalSection(ExtensibilityGlobals) = postSolution
		SolutionGuid = {69786647-02A3-407D-A01C-F880633E70F1}
	EndGlobalSection
EndGlobal
