Microsoft Visual Studio Solution File, Format Version 12.00
# Visual Studio Version 17
VisualStudioVersion = 17.5.2.0
MinimumVisualStudioVersion = 10.0.40219.1
Project("{FAE04EC0-301F-11D3-BF4B-00C04F79EFBC}") = "Progetto_EsercizioRecap", "Progetto_EsercizioRecap.csproj", "{19D4155F-8872-E8F9-6701-D38854D4D40A}"
EndProject
Global
	GlobalSection(SolutionConfigurationPlatforms) = preSolution
		Debug|Any CPU = Debug|Any CPU
		Release|Any CPU = Release|Any CPU
	EndGlobalSection
	GlobalSection(ProjectConfigurationPlatforms) = postSolution
		{19D4155F-8872-E8F9-6701-D38854D4D40A}.Debug|Any CPU.ActiveCfg = Debug|Any CPU
		{19D4155F-8872-E8F9-6701-D38854D4D40A}.Debug|Any CPU.Build.0 = Debug|Any CPU
		{19D4155F-8872-E8F9-6701-D38854D4D40A}.Release|Any CPU.ActiveCfg = Release|Any CPU
		{19D4155F-8872-E8F9-6701-D38854D4D40A}.Release|Any CPU.Build.0 = Release|Any CPU
	EndGlobalSection
	GlobalSection(SolutionProperties) = preSolution
		HideSolutionNode = FALSE
	EndGlobalSection
	GlobalSection(ExtensibilityGlobals) = postSolution
		SolutionGuid = {18C0E8F4-4EAD-4D0C-A05C-5C181B5E658D}
	EndGlobalSection
EndGlobal
