Microsoft Visual Studio Solution File, Format Version 12.00
# Visual Studio Version 17
VisualStudioVersion = 17.5.2.0
MinimumVisualStudioVersion = 10.0.40219.1
Project("{FAE04EC0-301F-11D3-BF4B-00C04F79EFBC}") = "Progetto_EsercizioAstrazione3", "Progetto_EsercizioAstrazione3.csproj", "{E3CA3E5B-7461-D192-FC64-CCEF4C28B5EE}"
EndProject
Global
	GlobalSection(SolutionConfigurationPlatforms) = preSolution
		Debug|Any CPU = Debug|Any CPU
		Release|Any CPU = Release|Any CPU
	EndGlobalSection
	GlobalSection(ProjectConfigurationPlatforms) = postSolution
		{E3CA3E5B-7461-D192-FC64-CCEF4C28B5EE}.Debug|Any CPU.ActiveCfg = Debug|Any CPU
		{E3CA3E5B-7461-D192-FC64-CCEF4C28B5EE}.Debug|Any CPU.Build.0 = Debug|Any CPU
		{E3CA3E5B-7461-D192-FC64-CCEF4C28B5EE}.Release|Any CPU.ActiveCfg = Release|Any CPU
		{E3CA3E5B-7461-D192-FC64-CCEF4C28B5EE}.Release|Any CPU.Build.0 = Release|Any CPU
	EndGlobalSection
	GlobalSection(SolutionProperties) = preSolution
		HideSolutionNode = FALSE
	EndGlobalSection
	GlobalSection(ExtensibilityGlobals) = postSolution
		SolutionGuid = {D3928ACB-1E7D-477E-A036-9CA6C8B0E4EB}
	EndGlobalSection
EndGlobal
