Microsoft Visual Studio Solution File, Format Version 12.00
# Visual Studio Version 17
VisualStudioVersion = 17.5.2.0
MinimumVisualStudioVersion = 10.0.40219.1
Project("{FAE04EC0-301F-11D3-BF4B-00C04F79EFBC}") = "Factory_Esercizio3", "Factory_Esercizio3.csproj", "{BB06C87A-0CCD-8716-CA94-462F83013D87}"
EndProject
Global
	GlobalSection(SolutionConfigurationPlatforms) = preSolution
		Debug|Any CPU = Debug|Any CPU
		Release|Any CPU = Release|Any CPU
	EndGlobalSection
	GlobalSection(ProjectConfigurationPlatforms) = postSolution
		{BB06C87A-0CCD-8716-CA94-462F83013D87}.Debug|Any CPU.ActiveCfg = Debug|Any CPU
		{BB06C87A-0CCD-8716-CA94-462F83013D87}.Debug|Any CPU.Build.0 = Debug|Any CPU
		{BB06C87A-0CCD-8716-CA94-462F83013D87}.Release|Any CPU.ActiveCfg = Release|Any CPU
		{BB06C87A-0CCD-8716-CA94-462F83013D87}.Release|Any CPU.Build.0 = Release|Any CPU
	EndGlobalSection
	GlobalSection(SolutionProperties) = preSolution
		HideSolutionNode = FALSE
	EndGlobalSection
	GlobalSection(ExtensibilityGlobals) = postSolution
		SolutionGuid = {E4114AAE-AEF3-4146-87BF-1107513FFA53}
	EndGlobalSection
EndGlobal
