Microsoft Visual Studio Solution File, Format Version 12.00
# Visual Studio Version 17
VisualStudioVersion = 17.5.2.0
MinimumVisualStudioVersion = 10.0.40219.1
Project("{FAE04EC0-301F-11D3-BF4B-00C04F79EFBC}") = "SetterInjection_Esercizio", "SetterInjection_Esercizio.csproj", "{DE5E4318-9E9D-D60A-96B1-58260445FCB8}"
EndProject
Global
	GlobalSection(SolutionConfigurationPlatforms) = preSolution
		Debug|Any CPU = Debug|Any CPU
		Release|Any CPU = Release|Any CPU
	EndGlobalSection
	GlobalSection(ProjectConfigurationPlatforms) = postSolution
		{DE5E4318-9E9D-D60A-96B1-58260445FCB8}.Debug|Any CPU.ActiveCfg = Debug|Any CPU
		{DE5E4318-9E9D-D60A-96B1-58260445FCB8}.Debug|Any CPU.Build.0 = Debug|Any CPU
		{DE5E4318-9E9D-D60A-96B1-58260445FCB8}.Release|Any CPU.ActiveCfg = Release|Any CPU
		{DE5E4318-9E9D-D60A-96B1-58260445FCB8}.Release|Any CPU.Build.0 = Release|Any CPU
	EndGlobalSection
	GlobalSection(SolutionProperties) = preSolution
		HideSolutionNode = FALSE
	EndGlobalSection
	GlobalSection(ExtensibilityGlobals) = postSolution
		SolutionGuid = {B934CF98-B00E-4971-B1B1-6F2999552B4B}
	EndGlobalSection
EndGlobal
