Microsoft Visual Studio Solution File, Format Version 12.00
# Visual Studio Version 17
VisualStudioVersion = 17.5.2.0
MinimumVisualStudioVersion = 10.0.40219.1
Project("{FAE04EC0-301F-11D3-BF4B-00C04F79EFBC}") = "EntityFramework_Esercizio", "EntityFramework_Esercizio.csproj", "{F7A82991-513A-AA9B-FD66-C0400C67B452}"
EndProject
Global
	GlobalSection(SolutionConfigurationPlatforms) = preSolution
		Debug|Any CPU = Debug|Any CPU
		Release|Any CPU = Release|Any CPU
	EndGlobalSection
	GlobalSection(ProjectConfigurationPlatforms) = postSolution
		{F7A82991-513A-AA9B-FD66-C0400C67B452}.Debug|Any CPU.ActiveCfg = Debug|Any CPU
		{F7A82991-513A-AA9B-FD66-C0400C67B452}.Debug|Any CPU.Build.0 = Debug|Any CPU
		{F7A82991-513A-AA9B-FD66-C0400C67B452}.Release|Any CPU.ActiveCfg = Release|Any CPU
		{F7A82991-513A-AA9B-FD66-C0400C67B452}.Release|Any CPU.Build.0 = Release|Any CPU
	EndGlobalSection
	GlobalSection(SolutionProperties) = preSolution
		HideSolutionNode = FALSE
	EndGlobalSection
	GlobalSection(ExtensibilityGlobals) = postSolution
		SolutionGuid = {621D2B9D-5914-4CD1-80BC-E1AD39272300}
	EndGlobalSection
EndGlobal
