Microsoft Visual Studio Solution File, Format Version 12.00
# Visual Studio Version 17
VisualStudioVersion = 17.5.2.0
MinimumVisualStudioVersion = 10.0.40219.1
Project("{FAE04EC0-301F-11D3-BF4B-00C04F79EFBC}") = "Progetto_EsercizioAstrazione", "Progetto_EsercizioAstrazione.csproj", "{B68420A6-1090-1E32-08C8-51F2DA042135}"
EndProject
Global
	GlobalSection(SolutionConfigurationPlatforms) = preSolution
		Debug|Any CPU = Debug|Any CPU
		Release|Any CPU = Release|Any CPU
	EndGlobalSection
	GlobalSection(ProjectConfigurationPlatforms) = postSolution
		{B68420A6-1090-1E32-08C8-51F2DA042135}.Debug|Any CPU.ActiveCfg = Debug|Any CPU
		{B68420A6-1090-1E32-08C8-51F2DA042135}.Debug|Any CPU.Build.0 = Debug|Any CPU
		{B68420A6-1090-1E32-08C8-51F2DA042135}.Release|Any CPU.ActiveCfg = Release|Any CPU
		{B68420A6-1090-1E32-08C8-51F2DA042135}.Release|Any CPU.Build.0 = Release|Any CPU
	EndGlobalSection
	GlobalSection(SolutionProperties) = preSolution
		HideSolutionNode = FALSE
	EndGlobalSection
	GlobalSection(ExtensibilityGlobals) = postSolution
		SolutionGuid = {1FE2BB5B-5167-47DB-B33E-26357649883E}
	EndGlobalSection
EndGlobal
