Microsoft Visual Studio Solution File, Format Version 12.00
# Visual Studio Version 17
VisualStudioVersion = 17.5.2.0
MinimumVisualStudioVersion = 10.0.40219.1
Project("{FAE04EC0-301F-11D3-BF4B-00C04F79EFBC}") = "Prove_Decorator", "Prove_Decorator.csproj", "{3C56271C-94B8-DBCE-C631-B163D81A301C}"
EndProject
Global
	GlobalSection(SolutionConfigurationPlatforms) = preSolution
		Debug|Any CPU = Debug|Any CPU
		Release|Any CPU = Release|Any CPU
	EndGlobalSection
	GlobalSection(ProjectConfigurationPlatforms) = postSolution
		{3C56271C-94B8-DBCE-C631-B163D81A301C}.Debug|Any CPU.ActiveCfg = Debug|Any CPU
		{3C56271C-94B8-DBCE-C631-B163D81A301C}.Debug|Any CPU.Build.0 = Debug|Any CPU
		{3C56271C-94B8-DBCE-C631-B163D81A301C}.Release|Any CPU.ActiveCfg = Release|Any CPU
		{3C56271C-94B8-DBCE-C631-B163D81A301C}.Release|Any CPU.Build.0 = Release|Any CPU
	EndGlobalSection
	GlobalSection(SolutionProperties) = preSolution
		HideSolutionNode = FALSE
	EndGlobalSection
	GlobalSection(ExtensibilityGlobals) = postSolution
		SolutionGuid = {8BC2FD62-6768-4670-88B9-A871DD53E766}
	EndGlobalSection
EndGlobal
