Microsoft Visual Studio Solution File, Format Version 12.00
# Visual Studio Version 17
VisualStudioVersion = 17.5.2.0
MinimumVisualStudioVersion = 10.0.40219.1
Project("{FAE04EC0-301F-11D3-BF4B-00C04F79EFBC}") = "Observer_Esercizio2", "Observer_Esercizio2.csproj", "{DE598285-0F0C-C4A0-D796-D778A6C679C6}"
EndProject
Global
	GlobalSection(SolutionConfigurationPlatforms) = preSolution
		Debug|Any CPU = Debug|Any CPU
		Release|Any CPU = Release|Any CPU
	EndGlobalSection
	GlobalSection(ProjectConfigurationPlatforms) = postSolution
		{DE598285-0F0C-C4A0-D796-D778A6C679C6}.Debug|Any CPU.ActiveCfg = Debug|Any CPU
		{DE598285-0F0C-C4A0-D796-D778A6C679C6}.Debug|Any CPU.Build.0 = Debug|Any CPU
		{DE598285-0F0C-C4A0-D796-D778A6C679C6}.Release|Any CPU.ActiveCfg = Release|Any CPU
		{DE598285-0F0C-C4A0-D796-D778A6C679C6}.Release|Any CPU.Build.0 = Release|Any CPU
	EndGlobalSection
	GlobalSection(SolutionProperties) = preSolution
		HideSolutionNode = FALSE
	EndGlobalSection
	GlobalSection(ExtensibilityGlobals) = postSolution
		SolutionGuid = {FE381457-8F7A-4FBA-AD9A-DD790C86BBC3}
	EndGlobalSection
EndGlobal
