Microsoft Visual Studio Solution File, Format Version 12.00
# Visual Studio Version 17
VisualStudioVersion = 17.5.2.0
MinimumVisualStudioVersion = 10.0.40219.1
Project("{FAE04EC0-301F-11D3-BF4B-00C04F79EFBC}") = "Prova_DipendencyInjection", "Prova_DipendencyInjection.csproj", "{A406DE7E-37C4-83E8-5004-79E27810F796}"
EndProject
Global
	GlobalSection(SolutionConfigurationPlatforms) = preSolution
		Debug|Any CPU = Debug|Any CPU
		Release|Any CPU = Release|Any CPU
	EndGlobalSection
	GlobalSection(ProjectConfigurationPlatforms) = postSolution
		{A406DE7E-37C4-83E8-5004-79E27810F796}.Debug|Any CPU.ActiveCfg = Debug|Any CPU
		{A406DE7E-37C4-83E8-5004-79E27810F796}.Debug|Any CPU.Build.0 = Debug|Any CPU
		{A406DE7E-37C4-83E8-5004-79E27810F796}.Release|Any CPU.ActiveCfg = Release|Any CPU
		{A406DE7E-37C4-83E8-5004-79E27810F796}.Release|Any CPU.Build.0 = Release|Any CPU
	EndGlobalSection
	GlobalSection(SolutionProperties) = preSolution
		HideSolutionNode = FALSE
	EndGlobalSection
	GlobalSection(ExtensibilityGlobals) = postSolution
		SolutionGuid = {1047953F-43A7-4E4E-9F31-713FC69E32BA}
	EndGlobalSection
EndGlobal
