Microsoft Visual Studio Solution File, Format Version 12.00
# Visual Studio Version 17
VisualStudioVersion = 17.5.2.0
MinimumVisualStudioVersion = 10.0.40219.1
Project("{FAE04EC0-301F-11D3-BF4B-00C04F79EFBC}") = "Factory_Esercizio2", "Factory_Esercizio2.csproj", "{602055DB-DD13-5DAC-411D-32F24D425C2A}"
EndProject
Global
	GlobalSection(SolutionConfigurationPlatforms) = preSolution
		Debug|Any CPU = Debug|Any CPU
		Release|Any CPU = Release|Any CPU
	EndGlobalSection
	GlobalSection(ProjectConfigurationPlatforms) = postSolution
		{602055DB-DD13-5DAC-411D-32F24D425C2A}.Debug|Any CPU.ActiveCfg = Debug|Any CPU
		{602055DB-DD13-5DAC-411D-32F24D425C2A}.Debug|Any CPU.Build.0 = Debug|Any CPU
		{602055DB-DD13-5DAC-411D-32F24D425C2A}.Release|Any CPU.ActiveCfg = Release|Any CPU
		{602055DB-DD13-5DAC-411D-32F24D425C2A}.Release|Any CPU.Build.0 = Release|Any CPU
	EndGlobalSection
	GlobalSection(SolutionProperties) = preSolution
		HideSolutionNode = FALSE
	EndGlobalSection
	GlobalSection(ExtensibilityGlobals) = postSolution
		SolutionGuid = {77861F52-03B7-4AB8-BAFB-1B0DD562EE56}
	EndGlobalSection
EndGlobal
