Microsoft Visual Studio Solution File, Format Version 12.00
# Visual Studio Version 17
VisualStudioVersion = 17.5.2.0
MinimumVisualStudioVersion = 10.0.40219.1
Project("{FAE04EC0-301F-11D3-BF4B-00C04F79EFBC}") = "Progetto_Extra", "Progetto_Extra.csproj", "{46406DC8-B64D-2EFC-4CEC-87E68BD7CE9E}"
EndProject
Global
	GlobalSection(SolutionConfigurationPlatforms) = preSolution
		Debug|Any CPU = Debug|Any CPU
		Release|Any CPU = Release|Any CPU
	EndGlobalSection
	GlobalSection(ProjectConfigurationPlatforms) = postSolution
		{46406DC8-B64D-2EFC-4CEC-87E68BD7CE9E}.Debug|Any CPU.ActiveCfg = Debug|Any CPU
		{46406DC8-B64D-2EFC-4CEC-87E68BD7CE9E}.Debug|Any CPU.Build.0 = Debug|Any CPU
		{46406DC8-B64D-2EFC-4CEC-87E68BD7CE9E}.Release|Any CPU.ActiveCfg = Release|Any CPU
		{46406DC8-B64D-2EFC-4CEC-87E68BD7CE9E}.Release|Any CPU.Build.0 = Release|Any CPU
	EndGlobalSection
	GlobalSection(SolutionProperties) = preSolution
		HideSolutionNode = FALSE
	EndGlobalSection
	GlobalSection(ExtensibilityGlobals) = postSolution
		SolutionGuid = {1EFA13D5-AC61-48AE-9A3D-22F6194C8383}
	EndGlobalSection
EndGlobal
