Microsoft Visual Studio Solution File, Format Version 12.00
# Visual Studio Version 17
VisualStudioVersion = 17.5.2.0
MinimumVisualStudioVersion = 10.0.40219.1
Project("{FAE04EC0-301F-11D3-BF4B-00C04F79EFBC}") = "Progetto_Ereditarieta", "Progetto_Ereditarieta.csproj", "{62BCFCAD-61C0-3678-3D11-03D845663B04}"
EndProject
Global
	GlobalSection(SolutionConfigurationPlatforms) = preSolution
		Debug|Any CPU = Debug|Any CPU
		Release|Any CPU = Release|Any CPU
	EndGlobalSection
	GlobalSection(ProjectConfigurationPlatforms) = postSolution
		{62BCFCAD-61C0-3678-3D11-03D845663B04}.Debug|Any CPU.ActiveCfg = Debug|Any CPU
		{62BCFCAD-61C0-3678-3D11-03D845663B04}.Debug|Any CPU.Build.0 = Debug|Any CPU
		{62BCFCAD-61C0-3678-3D11-03D845663B04}.Release|Any CPU.ActiveCfg = Release|Any CPU
		{62BCFCAD-61C0-3678-3D11-03D845663B04}.Release|Any CPU.Build.0 = Release|Any CPU
	EndGlobalSection
	GlobalSection(SolutionProperties) = preSolution
		HideSolutionNode = FALSE
	EndGlobalSection
	GlobalSection(ExtensibilityGlobals) = postSolution
		SolutionGuid = {AEB7AF9B-0263-4C10-85AA-5EC8522CFD3E}
	EndGlobalSection
EndGlobal
