Microsoft Visual Studio Solution File, Format Version 12.00
# Visual Studio Version 17
VisualStudioVersion = 17.5.2.0
MinimumVisualStudioVersion = 10.0.40219.1
Project("{FAE04EC0-301F-11D3-BF4B-00C04F79EFBC}") = "Progetto_Team4", "Progetto_Team4.csproj", "{2C94629F-0EDF-5013-03CE-9CDAFCF667EE}"
EndProject
Global
	GlobalSection(SolutionConfigurationPlatforms) = preSolution
		Debug|Any CPU = Debug|Any CPU
		Release|Any CPU = Release|Any CPU
	EndGlobalSection
	GlobalSection(ProjectConfigurationPlatforms) = postSolution
		{2C94629F-0EDF-5013-03CE-9CDAFCF667EE}.Debug|Any CPU.ActiveCfg = Debug|Any CPU
		{2C94629F-0EDF-5013-03CE-9CDAFCF667EE}.Debug|Any CPU.Build.0 = Debug|Any CPU
		{2C94629F-0EDF-5013-03CE-9CDAFCF667EE}.Release|Any CPU.ActiveCfg = Release|Any CPU
		{2C94629F-0EDF-5013-03CE-9CDAFCF667EE}.Release|Any CPU.Build.0 = Release|Any CPU
	EndGlobalSection
	GlobalSection(SolutionProperties) = preSolution
		HideSolutionNode = FALSE
	EndGlobalSection
	GlobalSection(ExtensibilityGlobals) = postSolution
		SolutionGuid = {25013CDF-8A2B-41FD-BFDA-8960ECFDA650}
	EndGlobalSection
EndGlobal
